
Microsoft Visual Studio Solution File, Format Version 12.00
# Visual Studio Version 17
VisualStudioVersion = 17.9.34616.47
MinimumVisualStudioVersion = 10.0.40219.1
Project("{FAE04EC0-301F-11D3-BF4B-00C04F79EFBC}") = "WeatherApp", "WeatherApp\WeatherApp.csproj", "{8697CF9C-CAD8-40E5-9731-7808C1FF4CB7}"
EndProject
Global
	GlobalSection(SolutionConfigurationPlatforms) = preSolution
		Debug|Any CPU = Debug|Any CPU
		Release|Any CPU = Release|Any CPU
	EndGlobalSection
	GlobalSection(ProjectConfigurationPlatforms) = postSolution
		{8697CF9C-CAD8-40E5-9731-7808C1FF4CB7}.Debug|Any CPU.ActiveCfg = Debug|Any CPU
		{8697CF9C-CAD8-40E5-9731-7808C1FF4CB7}.Debug|Any CPU.Build.0 = Debug|Any CPU
		{8697CF9C-CAD8-40E5-9731-7808C1FF4CB7}.Release|Any CPU.ActiveCfg = Release|Any CPU
		{8697CF9C-CAD8-40E5-9731-7808C1FF4CB7}.Release|Any CPU.Build.0 = Release|Any CPU
	EndGlobalSection
	GlobalSection(SolutionProperties) = preSolution
		HideSolutionNode = FALSE
	EndGlobalSection
	GlobalSection(ExtensibilityGlobals) = postSolution
		SolutionGuid = {6BB2D697-2F7A-43D0-855F-4162901CEB4A}
	EndGlobalSection
EndGlobal
